
Microsoft Visual Studio Solution File, Format Version 12.00
# Visual Studio Version 17
VisualStudioVersion = 17.9.34902.65
MinimumVisualStudioVersion = 10.0.40219.1
Project("{FAE04EC0-301F-11D3-BF4B-00C04F79EFBC}") = "Registo Clientes", "Registo Clientes\Registo Clientes.csproj", "{20F98B06-D44D-411C-B1A2-8D0D15B43BDA}"
EndProject
Global
	GlobalSection(SolutionConfigurationPlatforms) = preSolution
		Debug|Any CPU = Debug|Any CPU
		Release|Any CPU = Release|Any CPU
	EndGlobalSection
	GlobalSection(ProjectConfigurationPlatforms) = postSolution
		{20F98B06-D44D-411C-B1A2-8D0D15B43BDA}.Debug|Any CPU.ActiveCfg = Debug|Any CPU
		{20F98B06-D44D-411C-B1A2-8D0D15B43BDA}.Debug|Any CPU.Build.0 = Debug|Any CPU
		{20F98B06-D44D-411C-B1A2-8D0D15B43BDA}.Release|Any CPU.ActiveCfg = Release|Any CPU
		{20F98B06-D44D-411C-B1A2-8D0D15B43BDA}.Release|Any CPU.Build.0 = Release|Any CPU
	EndGlobalSection
	GlobalSection(SolutionProperties) = preSolution
		HideSolutionNode = FALSE
	EndGlobalSection
	GlobalSection(ExtensibilityGlobals) = postSolution
		SolutionGuid = {1B2720A2-09A8-442C-A390-ED5DCAEB0865}
	EndGlobalSection
EndGlobal
